
Microsoft Visual Studio Solution File, Format Version 12.00
# Visual Studio 15
VisualStudioVersion = 15.0.26606.0
MinimumVisualStudioVersion = 10.0.40219.1
Project("{9A19103F-16F7-4668-BE54-9A1E7A4F7556}") = "PhotoGallery", "PhotoGallery\PhotoGallery.csproj", "{50C84D33-A7C5-4DBE-9B21-B927F9FDBA06}"
EndProject
Global
	GlobalSection(SolutionConfigurationPlatforms) = preSolution
		Debug|Any CPU = Debug|Any CPU
		Release|Any CPU = Release|Any CPU
	EndGlobalSection
	GlobalSection(ProjectConfigurationPlatforms) = postSolution
		{50C84D33-A7C5-4DBE-9B21-B927F9FDBA06}.Debug|Any CPU.ActiveCfg = Debug|Any CPU
		{50C84D33-A7C5-4DBE-9B21-B927F9FDBA06}.Debug|Any CPU.Build.0 = Debug|Any CPU
		{50C84D33-A7C5-4DBE-9B21-B927F9FDBA06}.Release|Any CPU.ActiveCfg = Release|Any CPU
		{50C84D33-A7C5-4DBE-9B21-B927F9FDBA06}.Release|Any CPU.Build.0 = Release|Any CPU
	EndGlobalSection
	GlobalSection(SolutionProperties) = preSolution
		HideSolutionNode = FALSE
	EndGlobalSection
EndGlobal
